
Microsoft Visual Studio Solution File, Format Version 12.00
# Visual Studio Version 17
VisualStudioVersion = 17.7.34024.191
MinimumVisualStudioVersion = 10.0.40219.1
Project("{2150E333-8FDC-42A3-9474-1A3956D46DE8}") = "Core", "Core", "{8463FC07-BEA2-4BA3-B715-447D9C16EC8C}"
EndProject
Project("{FAE04EC0-301F-11D3-BF4B-00C04F79EFBC}") = "CarBook.Domain", "Core\CarBook.Domain\CarBook.Domain.csproj", "{F37CB393-1400-43E5-87AF-2755AF1EB70E}"
EndProject
Project("{2150E333-8FDC-42A3-9474-1A3956D46DE8}") = "Infrastructure", "Infrastructure", "{DE4590D8-E5BD-4DA9-91F4-F68625AD5FD6}"
EndProject
Project("{FAE04EC0-301F-11D3-BF4B-00C04F79EFBC}") = "CarBook.Persistence", "Infrastructure\CarBook.Persistence\CarBook.Persistence.csproj", "{77D5C4DD-8F54-4E75-9153-7F94E76DD140}"
EndProject
Project("{2150E333-8FDC-42A3-9474-1A3956D46DE8}") = "Presentation", "Presentation", "{4C286CA5-E76A-419A-AD11-4BB1055B91DF}"
EndProject
Project("{FAE04EC0-301F-11D3-BF4B-00C04F79EFBC}") = "CarBook.WebApi", "Presentation\CarBook.WebApi\CarBook.WebApi.csproj", "{9228D173-886B-46E9-B760-D1D37D5829F7}"
EndProject
Project("{FAE04EC0-301F-11D3-BF4B-00C04F79EFBC}") = "CarBook.Application", "Core\CarBook.Application\CarBook.Application.csproj", "{F0CFFDA7-52DB-49FB-8FEA-E0FF09B53578}"
EndProject
Global
	GlobalSection(SolutionConfigurationPlatforms) = preSolution
		Debug|Any CPU = Debug|Any CPU
		Release|Any CPU = Release|Any CPU
	EndGlobalSection
	GlobalSection(ProjectConfigurationPlatforms) = postSolution
		{F37CB393-1400-43E5-87AF-2755AF1EB70E}.Debug|Any CPU.ActiveCfg = Debug|Any CPU
		{F37CB393-1400-43E5-87AF-2755AF1EB70E}.Debug|Any CPU.Build.0 = Debug|Any CPU
		{F37CB393-1400-43E5-87AF-2755AF1EB70E}.Release|Any CPU.ActiveCfg = Release|Any CPU
		{F37CB393-1400-43E5-87AF-2755AF1EB70E}.Release|Any CPU.Build.0 = Release|Any CPU
		{77D5C4DD-8F54-4E75-9153-7F94E76DD140}.Debug|Any CPU.ActiveCfg = Debug|Any CPU
		{77D5C4DD-8F54-4E75-9153-7F94E76DD140}.Debug|Any CPU.Build.0 = Debug|Any CPU
		{77D5C4DD-8F54-4E75-9153-7F94E76DD140}.Release|Any CPU.ActiveCfg = Release|Any CPU
		{77D5C4DD-8F54-4E75-9153-7F94E76DD140}.Release|Any CPU.Build.0 = Release|Any CPU
		{9228D173-886B-46E9-B760-D1D37D5829F7}.Debug|Any CPU.ActiveCfg = Debug|Any CPU
		{9228D173-886B-46E9-B760-D1D37D5829F7}.Debug|Any CPU.Build.0 = Debug|Any CPU
		{9228D173-886B-46E9-B760-D1D37D5829F7}.Release|Any CPU.ActiveCfg = Release|Any CPU
		{9228D173-886B-46E9-B760-D1D37D5829F7}.Release|Any CPU.Build.0 = Release|Any CPU
		{F0CFFDA7-52DB-49FB-8FEA-E0FF09B53578}.Debug|Any CPU.ActiveCfg = Debug|Any CPU
		{F0CFFDA7-52DB-49FB-8FEA-E0FF09B53578}.Debug|Any CPU.Build.0 = Debug|Any CPU
		{F0CFFDA7-52DB-49FB-8FEA-E0FF09B53578}.Release|Any CPU.ActiveCfg = Release|Any CPU
		{F0CFFDA7-52DB-49FB-8FEA-E0FF09B53578}.Release|Any CPU.Build.0 = Release|Any CPU
	EndGlobalSection
	GlobalSection(SolutionProperties) = preSolution
		HideSolutionNode = FALSE
	EndGlobalSection
	GlobalSection(NestedProjects) = preSolution
		{F37CB393-1400-43E5-87AF-2755AF1EB70E} = {8463FC07-BEA2-4BA3-B715-447D9C16EC8C}
		{77D5C4DD-8F54-4E75-9153-7F94E76DD140} = {DE4590D8-E5BD-4DA9-91F4-F68625AD5FD6}
		{9228D173-886B-46E9-B760-D1D37D5829F7} = {4C286CA5-E76A-419A-AD11-4BB1055B91DF}
		{F0CFFDA7-52DB-49FB-8FEA-E0FF09B53578} = {8463FC07-BEA2-4BA3-B715-447D9C16EC8C}
	EndGlobalSection
	GlobalSection(ExtensibilityGlobals) = postSolution
		SolutionGuid = {8E8C8E9C-0F2C-4784-AEA3-04674A158A30}
	EndGlobalSection
EndGlobal
